
Microsoft Visual Studio Solution File, Format Version 12.00
# Visual Studio 15
VisualStudioVersion = 15.0.28307.136
MinimumVisualStudioVersion = 10.0.40219.1
Project("{FAE04EC0-301F-11D3-BF4B-00C04F79EFBC}") = "qltest2", "qltest2\qltest2.csproj", "{6184D962-CFED-4822-935B-45E06628D86F}"
EndProject
Global
	GlobalSection(SolutionConfigurationPlatforms) = preSolution
		Debug|Any CPU = Debug|Any CPU
		Debug|x64 = Debug|x64
		Release|Any CPU = Release|Any CPU
		Release|x64 = Release|x64
	EndGlobalSection
	GlobalSection(ProjectConfigurationPlatforms) = postSolution
		{6184D962-CFED-4822-935B-45E06628D86F}.Debug|Any CPU.ActiveCfg = Debug|Any CPU
		{6184D962-CFED-4822-935B-45E06628D86F}.Debug|Any CPU.Build.0 = Debug|Any CPU
		{6184D962-CFED-4822-935B-45E06628D86F}.Debug|x64.ActiveCfg = Debug|x64
		{6184D962-CFED-4822-935B-45E06628D86F}.Debug|x64.Build.0 = Debug|x64
		{6184D962-CFED-4822-935B-45E06628D86F}.Release|Any CPU.ActiveCfg = Release|Any CPU
		{6184D962-CFED-4822-935B-45E06628D86F}.Release|Any CPU.Build.0 = Release|Any CPU
		{6184D962-CFED-4822-935B-45E06628D86F}.Release|x64.ActiveCfg = Release|x64
		{6184D962-CFED-4822-935B-45E06628D86F}.Release|x64.Build.0 = Release|x64
	EndGlobalSection
	GlobalSection(SolutionProperties) = preSolution
		HideSolutionNode = FALSE
	EndGlobalSection
	GlobalSection(ExtensibilityGlobals) = postSolution
		SolutionGuid = {576CD5ED-1566-4CED-B4A9-914371631E3F}
	EndGlobalSection
EndGlobal
